// !$*UTF8*$!
{
	archiveVersion = 1;
	classes = {
	};
	objectVersion = 55;
	objects = {

/* Begin PBXBuildFile section */
		2E69879B570FCEC30575E724 /* Pods_Forca_ForcaUITests.framework in Frameworks */ = {isa = PBXBuildFile; fileRef = 7F8AEE78C598B8C6EFA2C39B /* Pods_Forca_ForcaUITests.framework */; };
		4E3C64FC1411BEBBB75E82C9 /* Pods_Forca.framework in Frameworks */ = {isa = PBXBuildFile; fileRef = F7D1E48380086214AD0D8F98 /* Pods_Forca.framework */; };
		921912F25AD4AB50F92E48F3 /* Pods_ForcaTests.framework in Frameworks */ = {isa = PBXBuildFile; fileRef = EC19BF111F832C98457808C4 /* Pods_ForcaTests.framework */; };
		9508E96A28886F1600409BA3 /* String+AttributedText.swift in Sources */ = {isa = PBXBuildFile; fileRef = 9508E96928886F1600409BA3 /* String+AttributedText.swift */; };
		9508E96C2888740A00409BA3 /* String+Character+Comparavel.swift in Sources */ = {isa = PBXBuildFile; fileRef = 9508E96B2888740A00409BA3 /* String+Character+Comparavel.swift */; };
		9508E96E2888756E00409BA3 /* Funcoes.swift in Sources */ = {isa = PBXBuildFile; fileRef = 9508E96D2888756E00409BA3 /* Funcoes.swift */; };
		95925103288715BC0011106B /* AppDelegate.swift in Sources */ = {isa = PBXBuildFile; fileRef = 95925102288715BC0011106B /* AppDelegate.swift */; };
		95925105288715BC0011106B /* SceneDelegate.swift in Sources */ = {isa = PBXBuildFile; fileRef = 95925104288715BC0011106B /* SceneDelegate.swift */; };
		95925107288715BC0011106B /* ViewController.swift in Sources */ = {isa = PBXBuildFile; fileRef = 95925106288715BC0011106B /* ViewController.swift */; };
		9592510C288715BD0011106B /* Assets.xcassets in Resources */ = {isa = PBXBuildFile; fileRef = 9592510B288715BD0011106B /* Assets.xcassets */; };
		9592510F288715BD0011106B /* LaunchScreen.storyboard in Resources */ = {isa = PBXBuildFile; fileRef = 9592510D288715BD0011106B /* LaunchScreen.storyboard */; };
		9592511A288715BE0011106B /* ForcaTests.swift in Sources */ = {isa = PBXBuildFile; fileRef = 95925119288715BE0011106B /* ForcaTests.swift */; };
		95925124288715BE0011106B /* ForcaUITests.swift in Sources */ = {isa = PBXBuildFile; fileRef = 95925123288715BE0011106B /* ForcaUITests.swift */; };
		95925126288715BE0011106B /* ForcaUITestsLaunchTests.swift in Sources */ = {isa = PBXBuildFile; fileRef = 95925125288715BE0011106B /* ForcaUITestsLaunchTests.swift */; };
		95AB15B92887472900EBC6A9 /* JogoDaForca.swift in Sources */ = {isa = PBXBuildFile; fileRef = 95AB15B82887472900EBC6A9 /* JogoDaForca.swift */; };
/* End PBXBuildFile section */

/* Begin PBXContainerItemProxy section */
		95925116288715BE0011106B /* PBXContainerItemProxy */ = {
			isa = PBXContainerItemProxy;
			containerPortal = 959250F7288715BC0011106B /* Project object */;
			proxyType = 1;
			remoteGlobalIDString = 959250FE288715BC0011106B;
			remoteInfo = Forca;
		};
		95925120288715BE0011106B /* PBXContainerItemProxy */ = {
			isa = PBXContainerItemProxy;
			containerPortal = 959250F7288715BC0011106B /* Project object */;
			proxyType = 1;
			remoteGlobalIDString = 959250FE288715BC0011106B;
			remoteInfo = Forca;
		};
/* End PBXContainerItemProxy section */

/* Begin PBXFileReference section */
		03257BC42A74ACF45FBEB221 /* Pods-Forca-ForcaUITests.release.xcconfig */ = {isa = PBXFileReference; includeInIndex = 1; lastKnownFileType = text.xcconfig; name = "Pods-Forca-ForcaUITests.release.xcconfig"; path = "Target Support Files/Pods-Forca-ForcaUITests/Pods-Forca-ForcaUITests.release.xcconfig"; sourceTree = "<group>"; };
		15019ABB774457990AD34CD3 /* Pods-Forca.release.xcconfig */ = {isa = PBXFileReference; includeInIndex = 1; lastKnownFileType = text.xcconfig; name = "Pods-Forca.release.xcconfig"; path = "Target Support Files/Pods-Forca/Pods-Forca.release.xcconfig"; sourceTree = "<group>"; };
		16EB23996D3E9DCDA04E84F9 /* Pods-ForcaTests.debug.xcconfig */ = {isa = PBXFileReference; includeInIndex = 1; lastKnownFileType = text.xcconfig; name = "Pods-ForcaTests.debug.xcconfig"; path = "Target Support Files/Pods-ForcaTests/Pods-ForcaTests.debug.xcconfig"; sourceTree = "<group>"; };
		7F8AEE78C598B8C6EFA2C39B /* Pods_Forca_ForcaUITests.framework */ = {isa = PBXFileReference; explicitFileType = wrapper.framework; includeInIndex = 0; path = Pods_Forca_ForcaUITests.framework; sourceTree = BUILT_PRODUCTS_DIR; };
		9508E96928886F1600409BA3 /* String+AttributedText.swift */ = {isa = PBXFileReference; lastKnownFileType = sourcecode.swift; path = "String+AttributedText.swift"; sourceTree = "<group>"; };
		9508E96B2888740A00409BA3 /* String+Character+Comparavel.swift */ = {isa = PBXFileReference; lastKnownFileType = sourcecode.swift; path = "String+Character+Comparavel.swift"; sourceTree = "<group>"; };
		9508E96D2888756E00409BA3 /* Funcoes.swift */ = {isa = PBXFileReference; lastKnownFileType = sourcecode.swift; path = Funcoes.swift; sourceTree = "<group>"; };
		959250FF288715BC0011106B /* Forca.app */ = {isa = PBXFileReference; explicitFileType = wrapper.application; includeInIndex = 0; path = Forca.app; sourceTree = BUILT_PRODUCTS_DIR; };
		95925102288715BC0011106B /* AppDelegate.swift */ = {isa = PBXFileReference; lastKnownFileType = sourcecode.swift; path = AppDelegate.swift; sourceTree = "<group>"; };
		95925104288715BC0011106B /* SceneDelegate.swift */ = {isa = PBXFileReference; lastKnownFileType = sourcecode.swift; path = SceneDelegate.swift; sourceTree = "<group>"; };
		95925106288715BC0011106B /* ViewController.swift */ = {isa = PBXFileReference; lastKnownFileType = sourcecode.swift; path = ViewController.swift; sourceTree = "<group>"; };
		9592510B288715BD0011106B /* Assets.xcassets */ = {isa = PBXFileReference; lastKnownFileType = folder.assetcatalog; path = Assets.xcassets; sourceTree = "<group>"; };
		9592510E288715BD0011106B /* Base */ = {isa = PBXFileReference; lastKnownFileType = file.storyboard; name = Base; path = Base.lproj/LaunchScreen.storyboard; sourceTree = "<group>"; };
		95925110288715BD0011106B /* Info.plist */ = {isa = PBXFileReference; lastKnownFileType = text.plist.xml; path = Info.plist; sourceTree = "<group>"; };
		95925115288715BE0011106B /* ForcaTests.xctest */ = {isa = PBXFileReference; explicitFileType = wrapper.cfbundle; includeInIndex = 0; path = ForcaTests.xctest; sourceTree = BUILT_PRODUCTS_DIR; };
		95925119288715BE0011106B /* ForcaTests.swift */ = {isa = PBXFileReference; lastKnownFileType = sourcecode.swift; path = ForcaTests.swift; sourceTree = "<group>"; };
		9592511F288715BE0011106B /* ForcaUITests.xctest */ = {isa = PBXFileReference; explicitFileType = wrapper.cfbundle; includeInIndex = 0; path = ForcaUITests.xctest; sourceTree = BUILT_PRODUCTS_DIR; };
		95925123288715BE0011106B /* ForcaUITests.swift */ = {isa = PBXFileReference; lastKnownFileType = sourcecode.swift; path = ForcaUITests.swift; sourceTree = "<group>"; };
		95925125288715BE0011106B /* ForcaUITestsLaunchTests.swift */ = {isa = PBXFileReference; lastKnownFileType = sourcecode.swift; path = ForcaUITestsLaunchTests.swift; sourceTree = "<group>"; };
		95AB15B82887472900EBC6A9 /* JogoDaForca.swift */ = {isa = PBXFileReference; lastKnownFileType = sourcecode.swift; path = JogoDaForca.swift; sourceTree = "<group>"; };
		A7BCCE0CF9DC16AB1A85CBF5 /* Pods-ForcaTests.release.xcconfig */ = {isa = PBXFileReference; includeInIndex = 1; lastKnownFileType = text.xcconfig; name = "Pods-ForcaTests.release.xcconfig"; path = "Target Support Files/Pods-ForcaTests/Pods-ForcaTests.release.xcconfig"; sourceTree = "<group>"; };
		BA6204A0B9614238515CFE21 /* Pods-Forca-ForcaUITests.debug.xcconfig */ = {isa = PBXFileReference; includeInIndex = 1; lastKnownFileType = text.xcconfig; name = "Pods-Forca-ForcaUITests.debug.xcconfig"; path = "Target Support Files/Pods-Forca-ForcaUITests/Pods-Forca-ForcaUITests.debug.xcconfig"; sourceTree = "<group>"; };
		E746B9A79500DFAC50440BF4 /* Pods-Forca.debug.xcconfig */ = {isa = PBXFileReference; includeInIndex = 1; lastKnownFileType = text.xcconfig; name = "Pods-Forca.debug.xcconfig"; path = "Target Support Files/Pods-Forca/Pods-Forca.debug.xcconfig"; sourceTree = "<group>"; };
		EC19BF111F832C98457808C4 /* Pods_ForcaTests.framework */ = {isa = PBXFileReference; explicitFileType = wrapper.framework; includeInIndex = 0; path = Pods_ForcaTests.framework; sourceTree = BUILT_PRODUCTS_DIR; };
		F7D1E48380086214AD0D8F98 /* Pods_Forca.framework */ = {isa = PBXFileReference; explicitFileType = wrapper.framework; includeInIndex = 0; path = Pods_Forca.framework; sourceTree = BUILT_PRODUCTS_DIR; };
/* End PBXFileReference section */

/* Begin PBXFrameworksBuildPhase section */
		959250FC288715BC0011106B /* Frameworks */ = {
			isa = PBXFrameworksBuildPhase;
			buildActionMask = 2147483647;
			files = (
				4E3C64FC1411BEBBB75E82C9 /* Pods_Forca.framework in Frameworks */,
			);
			runOnlyForDeploymentPostprocessing = 0;
		};
		95925112288715BE0011106B /* Frameworks */ = {
			isa = PBXFrameworksBuildPhase;
			buildActionMask = 2147483647;
			files = (
				921912F25AD4AB50F92E48F3 /* Pods_ForcaTests.framework in Frameworks */,
			);
			runOnlyForDeploymentPostprocessing = 0;
		};
		9592511C288715BE0011106B /* Frameworks */ = {
			isa = PBXFrameworksBuildPhase;
			buildActionMask = 2147483647;
			files = (
				2E69879B570FCEC30575E724 /* Pods_Forca_ForcaUITests.framework in Frameworks */,
			);
			runOnlyForDeploymentPostprocessing = 0;
		};
/* End PBXFrameworksBuildPhase section */

/* Begin PBXGroup section */
		0B0FF7EF315B250FA4C0BF5A /* Frameworks */ = {
			isa = PBXGroup;
			children = (
				F7D1E48380086214AD0D8F98 /* Pods_Forca.framework */,
				7F8AEE78C598B8C6EFA2C39B /* Pods_Forca_ForcaUITests.framework */,
				EC19BF111F832C98457808C4 /* Pods_ForcaTests.framework */,
			);
			name = Frameworks;
			sourceTree = "<group>";
		};
		959250F6288715BC0011106B = {
			isa = PBXGroup;
			children = (
				95925101288715BC0011106B /* Forca */,
				95925118288715BE0011106B /* ForcaTests */,
				95925122288715BE0011106B /* ForcaUITests */,
				95925100288715BC0011106B /* Products */,
				D6C292CA0D20B23820F68B52 /* Pods */,
				0B0FF7EF315B250FA4C0BF5A /* Frameworks */,
			);
			sourceTree = "<group>";
		};
		95925100288715BC0011106B /* Products */ = {
			isa = PBXGroup;
			children = (
				959250FF288715BC0011106B /* Forca.app */,
				95925115288715BE0011106B /* ForcaTests.xctest */,
				9592511F288715BE0011106B /* ForcaUITests.xctest */,
			);
			name = Products;
			sourceTree = "<group>";
		};
		95925101288715BC0011106B /* Forca */ = {
			isa = PBXGroup;
			children = (
				95925102288715BC0011106B /* AppDelegate.swift */,
				95925104288715BC0011106B /* SceneDelegate.swift */,
				95925106288715BC0011106B /* ViewController.swift */,
				9592510B288715BD0011106B /* Assets.xcassets */,
				9592510D288715BD0011106B /* LaunchScreen.storyboard */,
				95925110288715BD0011106B /* Info.plist */,
				95AB15B82887472900EBC6A9 /* JogoDaForca.swift */,
				9508E96928886F1600409BA3 /* String+AttributedText.swift */,
				9508E96B2888740A00409BA3 /* String+Character+Comparavel.swift */,
				9508E96D2888756E00409BA3 /* Funcoes.swift */,
			);
			path = Forca;
			sourceTree = "<group>";
		};
		95925118288715BE0011106B /* ForcaTests */ = {
			isa = PBXGroup;
			children = (
				95925119288715BE0011106B /* ForcaTests.swift */,
			);
			path = ForcaTests;
			sourceTree = "<group>";
		};
		95925122288715BE0011106B /* ForcaUITests */ = {
			isa = PBXGroup;
			children = (
				95925123288715BE0011106B /* ForcaUITests.swift */,
				95925125288715BE0011106B /* ForcaUITestsLaunchTests.swift */,
			);
			path = ForcaUITests;
			sourceTree = "<group>";
		};
		D6C292CA0D20B23820F68B52 /* Pods */ = {
			isa = PBXGroup;
			children = (
				E746B9A79500DFAC50440BF4 /* Pods-Forca.debug.xcconfig */,
				15019ABB774457990AD34CD3 /* Pods-Forca.release.xcconfig */,
				BA6204A0B9614238515CFE21 /* Pods-Forca-ForcaUITests.debug.xcconfig */,
				03257BC42A74ACF45FBEB221 /* Pods-Forca-ForcaUITests.release.xcconfig */,
				16EB23996D3E9DCDA04E84F9 /* Pods-ForcaTests.debug.xcconfig */,
				A7BCCE0CF9DC16AB1A85CBF5 /* Pods-ForcaTests.release.xcconfig */,
			);
			path = Pods;
			sourceTree = "<group>";
		};
/* End PBXGroup section */

/* Begin PBXNativeTarget section */
		959250FE288715BC0011106B /* Forca */ = {
			isa = PBXNativeTarget;
			buildConfigurationList = 95925129288715BE0011106B /* Build configuration list for PBXNativeTarget "Forca" */;
			buildPhases = (
				3A3F97EE8C712DB7B74A419C /* [CP] Check Pods Manifest.lock */,
				959250FB288715BC0011106B /* Sources */,
				959250FC288715BC0011106B /* Frameworks */,
				959250FD288715BC0011106B /* Resources */,
				A8C3D05DC05B2281CD0BCA4B /* [CP] Embed Pods Frameworks */,
			);
			buildRules = (
			);
			dependencies = (
			);
			name = Forca;
			productName = Forca;
			productReference = 959250FF288715BC0011106B /* Forca.app */;
			productType = "com.apple.product-type.application";
		};
		95925114288715BE0011106B /* ForcaTests */ = {
			isa = PBXNativeTarget;
			buildConfigurationList = 9592512C288715BE0011106B /* Build configuration list for PBXNativeTarget "ForcaTests" */;
			buildPhases = (
				1CB3A287BF30A9C0334D1DCA /* [CP] Check Pods Manifest.lock */,
				95925111288715BE0011106B /* Sources */,
				95925112288715BE0011106B /* Frameworks */,
				95925113288715BE0011106B /* Resources */,
			);
			buildRules = (
			);
			dependencies = (
				95925117288715BE0011106B /* PBXTargetDependency */,
			);
			name = ForcaTests;
			productName = ForcaTests;
			productReference = 95925115288715BE0011106B /* ForcaTests.xctest */;
			productType = "com.apple.product-type.bundle.unit-test";
		};
		9592511E288715BE0011106B /* ForcaUITests */ = {
			isa = PBXNativeTarget;
			buildConfigurationList = 9592512F288715BE0011106B /* Build configuration list for PBXNativeTarget "ForcaUITests" */;
			buildPhases = (
				87FBFDF982755662BAF4A381 /* [CP] Check Pods Manifest.lock */,
				9592511B288715BE0011106B /* Sources */,
				9592511C288715BE0011106B /* Frameworks */,
				9592511D288715BE0011106B /* Resources */,
				6F7F14D6BC7F7740CA34D3EF /* [CP] Embed Pods Frameworks */,
			);
			buildRules = (
			);
			dependencies = (
				95925121288715BE0011106B /* PBXTargetDependency */,
			);
			name = ForcaUITests;
			productName = ForcaUITests;
			productReference = 9592511F288715BE0011106B /* ForcaUITests.xctest */;
			productType = "com.apple.product-type.bundle.ui-testing";
		};
/* End PBXNativeTarget section */

/* Begin PBXProject section */
		959250F7288715BC0011106B /* Project object */ = {
			isa = PBXProject;
			attributes = {
				BuildIndependentTargetsInParallel = 1;
				LastSwiftUpdateCheck = 1340;
				LastUpgradeCheck = 1340;
				TargetAttributes = {
					959250FE288715BC0011106B = {
						CreatedOnToolsVersion = 13.4;
					};
					95925114288715BE0011106B = {
						CreatedOnToolsVersion = 13.4;
						TestTargetID = 959250FE288715BC0011106B;
					};
					9592511E288715BE0011106B = {
						CreatedOnToolsVersion = 13.4;
						TestTargetID = 959250FE288715BC0011106B;
					};
				};
			};
			buildConfigurationList = 959250FA288715BC0011106B /* Build configuration list for PBXProject "Forca" */;
			compatibilityVersion = "Xcode 13.0";
			developmentRegion = en;
			hasScannedForEncodings = 0;
			knownRegions = (
				en,
				Base,
			);
			mainGroup = 959250F6288715BC0011106B;
			productRefGroup = 95925100288715BC0011106B /* Products */;
			projectDirPath = "";
			projectRoot = "";
			targets = (
				959250FE288715BC0011106B /* Forca */,
				95925114288715BE0011106B /* ForcaTests */,
				9592511E288715BE0011106B /* ForcaUITests */,
			);
		};
/* End PBXProject section */

/* Begin PBXResourcesBuildPhase section */
		959250FD288715BC0011106B /* Resources */ = {
			isa = PBXResourcesBuildPhase;
			buildActionMask = 2147483647;
			files = (
				9592510F288715BD0011106B /* LaunchScreen.storyboard in Resources */,
				9592510C288715BD0011106B /* Assets.xcassets in Resources */,
			);
			runOnlyForDeploymentPostprocessing = 0;
		};
		95925113288715BE0011106B /* Resources */ = {
			isa = PBXResourcesBuildPhase;
			buildActionMask = 2147483647;
			files = (
			);
			runOnlyForDeploymentPostprocessing = 0;
		};
		9592511D288715BE0011106B /* Resources */ = {
			isa = PBXResourcesBuildPhase;
			buildActionMask = 2147483647;
			files = (
			);
			runOnlyForDeploymentPostprocessing = 0;
		};
/* End PBXResourcesBuildPhase section */

/* Begin PBXShellScriptBuildPhase section */
		1CB3A287BF30A9C0334D1DCA /* [CP] Check Pods Manifest.lock */ = {
			isa = PBXShellScriptBuildPhase;
			buildActionMask = 2147483647;
			files = (
			);
			inputFileListPaths = (
			);
			inputPaths = (
				"${PODS_PODFILE_DIR_PATH}/Podfile.lock",
				"${PODS_ROOT}/Manifest.lock",
			);
			name = "[CP] Check Pods Manifest.lock";
			outputFileListPaths = (
			);
			outputPaths = (
				"$(DERIVED_FILE_DIR)/Pods-ForcaTests-checkManifestLockResult.txt",
			);
			runOnlyForDeploymentPostprocessing = 0;
			shellPath = /bin/sh;
			shellScript = "diff \"${PODS_PODFILE_DIR_PATH}/Podfile.lock\" \"${PODS_ROOT}/Manifest.lock\" > /dev/null\nif [ $? != 0 ] ; then\n    # print error to STDERR\n    echo \"error: The sandbox is not in sync with the Podfile.lock. Run 'pod install' or update your CocoaPods installation.\" >&2\n    exit 1\nfi\n# This output is used by Xcode 'outputs' to avoid re-running this script phase.\necho \"SUCCESS\" > \"${SCRIPT_OUTPUT_FILE_0}\"\n";
			showEnvVarsInLog = 0;
		};
		3A3F97EE8C712DB7B74A419C /* [CP] Check Pods Manifest.lock */ = {
			isa = PBXShellScriptBuildPhase;
			buildActionMask = 2147483647;
			files = (
			);
			inputFileListPaths = (
			);
			inputPaths = (
				"${PODS_PODFILE_DIR_PATH}/Podfile.lock",
				"${PODS_ROOT}/Manifest.lock",
			);
			name = "[CP] Check Pods Manifest.lock";
			outputFileListPaths = (
			);
			outputPaths = (
				"$(DERIVED_FILE_DIR)/Pods-Forca-checkManifestLockResult.txt",
			);
			runOnlyForDeploymentPostprocessing = 0;
			shellPath = /bin/sh;
			shellScript = "diff \"${PODS_PODFILE_DIR_PATH}/Podfile.lock\" \"${PODS_ROOT}/Manifest.lock\" > /dev/null\nif [ $? != 0 ] ; then\n    # print error to STDERR\n    echo \"error: The sandbox is not in sync with the Podfile.lock. Run 'pod install' or update your CocoaPods installation.\" >&2\n    exit 1\nfi\n# This output is used by Xcode 'outputs' to avoid re-running this script phase.\necho \"SUCCESS\" > \"${SCRIPT_OUTPUT_FILE_0}\"\n";
			showEnvVarsInLog = 0;
		};
		6F7F14D6BC7F7740CA34D3EF /* [CP] Embed Pods Frameworks */ = {
			isa = PBXShellScriptBuildPhase;
			buildActionMask = 2147483647;
			files = (
			);
			inputFileListPaths = (
				"${PODS_ROOT}/Target Support Files/Pods-Forca-ForcaUITests/Pods-Forca-ForcaUITests-frameworks-${CONFIGURATION}-input-files.xcfilelist",
			);
			name = "[CP] Embed Pods Frameworks";
			outputFileListPaths = (
				"${PODS_ROOT}/Target Support Files/Pods-Forca-ForcaUITests/Pods-Forca-ForcaUITests-frameworks-${CONFIGURATION}-output-files.xcfilelist",
			);
			runOnlyForDeploymentPostprocessing = 0;
			shellPath = /bin/sh;
			shellScript = "\"${PODS_ROOT}/Target Support Files/Pods-Forca-ForcaUITests/Pods-Forca-ForcaUITests-frameworks.sh\"\n";
			showEnvVarsInLog = 0;
		};
		87FBFDF982755662BAF4A381 /* [CP] Check Pods Manifest.lock */ = {
			isa = PBXShellScriptBuildPhase;
			buildActionMask = 2147483647;
			files = (
			);
			inputFileListPaths = (
			);
			inputPaths = (
				"${PODS_PODFILE_DIR_PATH}/Podfile.lock",
				"${PODS_ROOT}/Manifest.lock",
			);
			name = "[CP] Check Pods Manifest.lock";
			outputFileListPaths = (
			);
			outputPaths = (
				"$(DERIVED_FILE_DIR)/Pods-Forca-ForcaUITests-checkManifestLockResult.txt",
			);
			runOnlyForDeploymentPostprocessing = 0;
			shellPath = /bin/sh;
			shellScript = "diff \"${PODS_PODFILE_DIR_PATH}/Podfile.lock\" \"${PODS_ROOT}/Manifest.lock\" > /dev/null\nif [ $? != 0 ] ; then\n    # print error to STDERR\n    echo \"error: The sandbox is not in sync with the Podfile.lock. Run 'pod install' or update your CocoaPods installation.\" >&2\n    exit 1\nfi\n# This output is used by Xcode 'outputs' to avoid re-running this script phase.\necho \"SUCCESS\" > \"${SCRIPT_OUTPUT_FILE_0}\"\n";
			showEnvVarsInLog = 0;
		};
		A8C3D05DC05B2281CD0BCA4B /* [CP] Embed Pods Frameworks */ = {
			isa = PBXShellScriptBuildPhase;
			buildActionMask = 2147483647;
			files = (
			);
			inputFileListPaths = (
				"${PODS_ROOT}/Target Support Files/Pods-Forca/Pods-Forca-frameworks-${CONFIGURATION}-input-files.xcfilelist",
			);
			name = "[CP] Embed Pods Frameworks";
			outputFileListPaths = (
				"${PODS_ROOT}/Target Support Files/Pods-Forca/Pods-Forca-frameworks-${CONFIGURATION}-output-files.xcfilelist",
			);
			runOnlyForDeploymentPostprocessing = 0;
			shellPath = /bin/sh;
			shellScript = "\"${PODS_ROOT}/Target Support Files/Pods-Forca/Pods-Forca-frameworks.sh\"\n";
			showEnvVarsInLog = 0;
		};
/* End PBXShellScriptBuildPhase section */

/* Begin PBXSourcesBuildPhase section */
		959250FB288715BC0011106B /* Sources */ = {
			isa = PBXSourcesBuildPhase;
			buildActionMask = 2147483647;
			files = (
				95925107288715BC0011106B /* ViewController.swift in Sources */,
				95925103288715BC0011106B /* AppDelegate.swift in Sources */,
				9508E96C2888740A00409BA3 /* String+Character+Comparavel.swift in Sources */,
				9508E96A28886F1600409BA3 /* String+AttributedText.swift in Sources */,
				9508E96E2888756E00409BA3 /* Funcoes.swift in Sources */,
				95925105288715BC0011106B /* SceneDelegate.swift in Sources */,
				95AB15B92887472900EBC6A9 /* JogoDaForca.swift in Sources */,
			);
			runOnlyForDeploymentPostprocessing = 0;
		};
		95925111288715BE0011106B /* Sources */ = {
			isa = PBXSourcesBuildPhase;
			buildActionMask = 2147483647;
			files = (
				9592511A288715BE0011106B /* ForcaTests.swift in Sources */,
			);
			runOnlyForDeploymentPostprocessing = 0;
		};
		9592511B288715BE0011106B /* Sources */ = {
			isa = PBXSourcesBuildPhase;
			buildActionMask = 2147483647;
			files = (
				95925126288715BE0011106B /* ForcaUITestsLaunchTests.swift in Sources */,
				95925124288715BE0011106B /* ForcaUITests.swift in Sources */,
			);
			runOnlyForDeploymentPostprocessing = 0;
		};
/* End PBXSourcesBuildPhase section */

/* Begin PBXTargetDependency section */
		95925117288715BE0011106B /* PBXTargetDependency */ = {
			isa = PBXTargetDependency;
			target = 959250FE288715BC0011106B /* Forca */;
			targetProxy = 95925116288715BE0011106B /* PBXContainerItemProxy */;
		};
		95925121288715BE0011106B /* PBXTargetDependency */ = {
			isa = PBXTargetDependency;
			target = 959250FE288715BC0011106B /* Forca */;
			targetProxy = 95925120288715BE0011106B /* PBXContainerItemProxy */;
		};
/* End PBXTargetDependency section */

/* Begin PBXVariantGroup section */
		9592510D288715BD0011106B /* LaunchScreen.storyboard */ = {
			isa = PBXVariantGroup;
			children = (
				9592510E288715BD0011106B /* Base */,
			);
			name = LaunchScreen.storyboard;
			sourceTree = "<group>";
		};
/* End PBXVariantGroup section */

/* Begin XCBuildConfiguration section */
		95925127288715BE0011106B /* Debug */ = {
			isa = XCBuildConfiguration;
			buildSettings = {
				ALWAYS_SEARCH_USER_PATHS = NO;
				CLANG_ANALYZER_NONNULL = YES;
				CLANG_ANALYZER_NUMBER_OBJECT_CONVERSION = YES_AGGRESSIVE;
				CLANG_CXX_LANGUAGE_STANDARD = "gnu++17";
				CLANG_ENABLE_MODULES = YES;
				CLANG_ENABLE_OBJC_ARC = YES;
				CLANG_ENABLE_OBJC_WEAK = YES;
				CLANG_WARN_BLOCK_CAPTURE_AUTORELEASING = YES;
				CLANG_WARN_BOOL_CONVERSION = YES;
				CLANG_WARN_COMMA = YES;
				CLANG_WARN_CONSTANT_CONVERSION = YES;
				CLANG_WARN_DEPRECATED_OBJC_IMPLEMENTATIONS = YES;
				CLANG_WARN_DIRECT_OBJC_ISA_USAGE = YES_ERROR;
				CLANG_WARN_DOCUMENTATION_COMMENTS = YES;
				CLANG_WARN_EMPTY_BODY = YES;
				CLANG_WARN_ENUM_CONVERSION = YES;
				CLANG_WARN_INFINITE_RECURSION = YES;
				CLANG_WARN_INT_CONVERSION = YES;
				CLANG_WARN_NON_LITERAL_NULL_CONVERSION = YES;
				CLANG_WARN_OBJC_IMPLICIT_RETAIN_SELF = YES;
				CLANG_WARN_OBJC_LITERAL_CONVERSION = YES;
				CLANG_WARN_OBJC_ROOT_CLASS = YES_ERROR;
				CLANG_WARN_QUOTED_INCLUDE_IN_FRAMEWORK_HEADER = YES;
				CLANG_WARN_RANGE_LOOP_ANALYSIS = YES;
				CLANG_WARN_STRICT_PROTOTYPES = YES;
				CLANG_WARN_SUSPICIOUS_MOVE = YES;
				CLANG_WARN_UNGUARDED_AVAILABILITY = YES_AGGRESSIVE;
				CLANG_WARN_UNREACHABLE_CODE = YES;
				CLANG_WARN__DUPLICATE_METHOD_MATCH = YES;
				COPY_PHASE_STRIP = NO;
				DEBUG_INFORMATION_FORMAT = dwarf;
				ENABLE_STRICT_OBJC_MSGSEND = YES;
				ENABLE_TESTABILITY = YES;
				GCC_C_LANGUAGE_STANDARD = gnu11;
				GCC_DYNAMIC_NO_PIC = NO;
				GCC_NO_COMMON_BLOCKS = YES;
				GCC_OPTIMIZATION_LEVEL = 0;
				GCC_PREPROCESSOR_DEFINITIONS = (
					"DEBUG=1",
					"$(inherited)",
				);
				GCC_WARN_64_TO_32_BIT_CONVERSION = YES;
				GCC_WARN_ABOUT_RETURN_TYPE = YES_ERROR;
				GCC_WARN_UNDECLARED_SELECTOR = YES;
				GCC_WARN_UNINITIALIZED_AUTOS = YES_AGGRESSIVE;
				GCC_WARN_UNUSED_FUNCTION = YES;
				GCC_WARN_UNUSED_VARIABLE = YES;
				IPHONEOS_DEPLOYMENT_TARGET = 15.5;
				MTL_ENABLE_DEBUG_INFO = INCLUDE_SOURCE;
				MTL_FAST_MATH = YES;
				ONLY_ACTIVE_ARCH = YES;
				SDKROOT = iphoneos;
				SWIFT_ACTIVE_COMPILATION_CONDITIONS = DEBUG;
				SWIFT_OPTIMIZATION_LEVEL = "-Onone";
			};
			name = Debug;
		};
		95925128288715BE0011106B /* Release */ = {
			isa = XCBuildConfiguration;
			buildSettings = {
				ALWAYS_SEARCH_USER_PATHS = NO;
				CLANG_ANALYZER_NONNULL = YES;
				CLANG_ANALYZER_NUMBER_OBJECT_CONVERSION = YES_AGGRESSIVE;
				CLANG_CXX_LANGUAGE_STANDARD = "gnu++17";
				CLANG_ENABLE_MODULES = YES;
				CLANG_ENABLE_OBJC_ARC = YES;
				CLANG_ENABLE_OBJC_WEAK = YES;
				CLANG_WARN_BLOCK_CAPTURE_AUTORELEASING = YES;
				CLANG_WARN_BOOL_CONVERSION = YES;
				CLANG_WARN_COMMA = YES;
				CLANG_WARN_CONSTANT_CONVERSION = YES;
				CLANG_WARN_DEPRECATED_OBJC_IMPLEMENTATIONS = YES;
				CLANG_WARN_DIRECT_OBJC_ISA_USAGE = YES_ERROR;
				CLANG_WARN_DOCUMENTATION_COMMENTS = YES;
				CLANG_WARN_EMPTY_BODY = YES;
				CLANG_WARN_ENUM_CONVERSION = YES;
				CLANG_WARN_INFINITE_RECURSION = YES;
				CLANG_WARN_INT_CONVERSION = YES;
				CLANG_WARN_NON_LITERAL_NULL_CONVERSION = YES;
				CLANG_WARN_OBJC_IMPLICIT_RETAIN_SELF = YES;
				CLANG_WARN_OBJC_LITERAL_CONVERSION = YES;
				CLANG_WARN_OBJC_ROOT_CLASS = YES_ERROR;
				CLANG_WARN_QUOTED_INCLUDE_IN_FRAMEWORK_HEADER = YES;
				CLANG_WARN_RANGE_LOOP_ANALYSIS = YES;
				CLANG_WARN_STRICT_PROTOTYPES = YES;
				CLANG_WARN_SUSPICIOUS_MOVE = YES;
				CLANG_WARN_UNGUARDED_AVAILABILITY = YES_AGGRESSIVE;
				CLANG_WARN_UNREACHABLE_CODE = YES;
				CLANG_WARN__DUPLICATE_METHOD_MATCH = YES;
				COPY_PHASE_STRIP = NO;
				DEBUG_INFORMATION_FORMAT = "dwarf-with-dsym";
				ENABLE_NS_ASSERTIONS = NO;
				ENABLE_STRICT_OBJC_MSGSEND = YES;
				GCC_C_LANGUAGE_STANDARD = gnu11;
				GCC_NO_COMMON_BLOCKS = YES;
				GCC_WARN_64_TO_32_BIT_CONVERSION = YES;
				GCC_WARN_ABOUT_RETURN_TYPE = YES_ERROR;
				GCC_WARN_UNDECLARED_SELECTOR = YES;
				GCC_WARN_UNINITIALIZED_AUTOS = YES_AGGRESSIVE;
				GCC_WARN_UNUSED_FUNCTION = YES;
				GCC_WARN_UNUSED_VARIABLE = YES;
				IPHONEOS_DEPLOYMENT_TARGET = 15.5;
				MTL_ENABLE_DEBUG_INFO = NO;
				MTL_FAST_MATH = YES;
				SDKROOT = iphoneos;
				SWIFT_COMPILATION_MODE = wholemodule;
				SWIFT_OPTIMIZATION_LEVEL = "-O";
				VALIDATE_PRODUCT = YES;
			};
			name = Release;
		};
		9592512A288715BE0011106B /* Debug */ = {
			isa = XCBuildConfiguration;
			baseConfigurationReference = E746B9A79500DFAC50440BF4 /* Pods-Forca.debug.xcconfig */;
			buildSettings = {
				ASSETCATALOG_COMPILER_APPICON_NAME = AppIcon;
				ASSETCATALOG_COMPILER_GLOBAL_ACCENT_COLOR_NAME = AccentColor;
				CODE_SIGN_STYLE = Automatic;
				CURRENT_PROJECT_VERSION = 1;
				GENERATE_INFOPLIST_FILE = YES;
				INFOPLIST_FILE = Forca/Info.plist;
				INFOPLIST_KEY_UIApplicationSupportsIndirectInputEvents = YES;
				INFOPLIST_KEY_UILaunchStoryboardName = LaunchScreen;
				INFOPLIST_KEY_UISupportedInterfaceOrientations_iPad = "UIInterfaceOrientationPortrait UIInterfaceOrientationPortraitUpsideDown UIInterfaceOrientationLandscapeLeft UIInterfaceOrientationLandscapeRight";
				INFOPLIST_KEY_UISupportedInterfaceOrientations_iPhone = "UIInterfaceOrientationPortrait UIInterfaceOrientationLandscapeLeft UIInterfaceOrientationLandscapeRight";
				LD_RUNPATH_SEARCH_PATHS = (
					"$(inherited)",
					"@executable_path/Frameworks",
				);
				MARKETING_VERSION = 1.0;
				PRODUCT_BUNDLE_IDENTIFIER = com.cwi.Forca;
				PRODUCT_NAME = "$(TARGET_NAME)";
				SWIFT_EMIT_LOC_STRINGS = YES;
				SWIFT_VERSION = 5.0;
				TARGETED_DEVICE_FAMILY = "1,2";
			};
			name = Debug;
		};
		9592512B288715BE0011106B /* Release */ = {
			isa = XCBuildConfiguration;
			baseConfigurationReference = 15019ABB774457990AD34CD3 /* Pods-Forca.release.xcconfig */;
			buildSettings = {
				ASSETCATALOG_COMPILER_APPICON_NAME = AppIcon;
				ASSETCATALOG_COMPILER_GLOBAL_ACCENT_COLOR_NAME = AccentColor;
				CODE_SIGN_STYLE = Automatic;
				CURRENT_PROJECT_VERSION = 1;
				GENERATE_INFOPLIST_FILE = YES;
				INFOPLIST_FILE = Forca/Info.plist;
				INFOPLIST_KEY_UIApplicationSupportsIndirectInputEvents = YES;
				INFOPLIST_KEY_UILaunchStoryboardName = LaunchScreen;
				INFOPLIST_KEY_UISupportedInterfaceOrientations_iPad = "UIInterfaceOrientationPortrait UIInterfaceOrientationPortraitUpsideDown UIInterfaceOrientationLandscapeLeft UIInterfaceOrientationLandscapeRight";
				INFOPLIST_KEY_UISupportedInterfaceOrientations_iPhone = "UIInterfaceOrientationPortrait UIInterfaceOrientationLandscapeLeft UIInterfaceOrientationLandscapeRight";
				LD_RUNPATH_SEARCH_PATHS = (
					"$(inherited)",
					"@executable_path/Frameworks",
				);
				MARKETING_VERSION = 1.0;
				PRODUCT_BUNDLE_IDENTIFIER = com.cwi.Forca;
				PRODUCT_NAME = "$(TARGET_NAME)";
				SWIFT_EMIT_LOC_STRINGS = YES;
				SWIFT_VERSION = 5.0;
				TARGETED_DEVICE_FAMILY = "1,2";
			};
			name = Release;
		};
		9592512D288715BE0011106B /* Debug */ = {
			isa = XCBuildConfiguration;
			baseConfigurationReference = 16EB23996D3E9DCDA04E84F9 /* Pods-ForcaTests.debug.xcconfig */;
			buildSettings = {
				ALWAYS_EMBED_SWIFT_STANDARD_LIBRARIES = YES;
				BUNDLE_LOADER = "$(TEST_HOST)";
				CODE_SIGN_STYLE = Automatic;
				CURRENT_PROJECT_VERSION = 1;
				GENERATE_INFOPLIST_FILE = YES;
				IPHONEOS_DEPLOYMENT_TARGET = 15.5;
				MARKETING_VERSION = 1.0;
				PRODUCT_BUNDLE_IDENTIFIER = com.cwi.ForcaTests;
				PRODUCT_NAME = "$(TARGET_NAME)";
				SWIFT_EMIT_LOC_STRINGS = NO;
				SWIFT_VERSION = 5.0;
				TARGETED_DEVICE_FAMILY = "1,2";
				TEST_HOST = "$(BUILT_PRODUCTS_DIR)/Forca.app/Forca";
			};
			name = Debug;
		};
		9592512E288715BE0011106B /* Release */ = {
			isa = XCBuildConfiguration;
			baseConfigurationReference = A7BCCE0CF9DC16AB1A85CBF5 /* Pods-ForcaTests.release.xcconfig */;
			buildSettings = {
				ALWAYS_EMBED_SWIFT_STANDARD_LIBRARIES = YES;
				BUNDLE_LOADER = "$(TEST_HOST)";
				CODE_SIGN_STYLE = Automatic;
				CURRENT_PROJECT_VERSION = 1;
				GENERATE_INFOPLIST_FILE = YES;
				IPHONEOS_DEPLOYMENT_TARGET = 15.5;
				MARKETING_VERSION = 1.0;
				PRODUCT_BUNDLE_IDENTIFIER = com.cwi.ForcaTests;
				PRODUCT_NAME = "$(TARGET_NAME)";
				SWIFT_EMIT_LOC_STRINGS = NO;
				SWIFT_VERSION = 5.0;
				TARGETED_DEVICE_FAMILY = "1,2";
				TEST_HOST = "$(BUILT_PRODUCTS_DIR)/Forca.app/Forca";
			};
			name = Release;
		};
		95925130288715BE0011106B /* Debug */ = {
			isa = XCBuildConfiguration;
			baseConfigurationReference = BA6204A0B9614238515CFE21 /* Pods-Forca-ForcaUITests.debug.xcconfig */;
			buildSettings = {
				ALWAYS_EMBED_SWIFT_STANDARD_LIBRARIES = YES;
				CODE_SIGN_STYLE = Automatic;
				CURRENT_PROJECT_VERSION = 1;
				GENERATE_INFOPLIST_FILE = YES;
				MARKETING_VERSION = 1.0;
				PRODUCT_BUNDLE_IDENTIFIER = com.cwi.ForcaUITests;
				PRODUCT_NAME = "$(TARGET_NAME)";
				SWIFT_EMIT_LOC_STRINGS = NO;
				SWIFT_VERSION = 5.0;
				TARGETED_DEVICE_FAMILY = "1,2";
				TEST_TARGET_NAME = Forca;
			};
			name = Debug;
		};
		95925131288715BE0011106B /* Release */ = {
			isa = XCBuildConfiguration;
			baseConfigurationReference = 03257BC42A74ACF45FBEB221 /* Pods-Forca-ForcaUITests.release.xcconfig */;
			buildSettings = {
				ALWAYS_EMBED_SWIFT_STANDARD_LIBRARIES = YES;
				CODE_SIGN_STYLE = Automatic;
				CURRENT_PROJECT_VERSION = 1;
				GENERATE_INFOPLIST_FILE = YES;
				MARKETING_VERSION = 1.0;
				PRODUCT_BUNDLE_IDENTIFIER = com.cwi.ForcaUITests;
				PRODUCT_NAME = "$(TARGET_NAME)";
				SWIFT_EMIT_LOC_STRINGS = NO;
				SWIFT_VERSION = 5.0;
				TARGETED_DEVICE_FAMILY = "1,2";
				TEST_TARGET_NAME = Forca;
			};
			name = Release;
		};
/* End XCBuildConfiguration section */

/* Begin XCConfigurationList section */
		959250FA288715BC0011106B /* Build configuration list for PBXProject "Forca" */ = {
			isa = XCConfigurationList;
			buildConfigurations = (
				95925127288715BE0011106B /* Debug */,
				95925128288715BE0011106B /* Release */,
			);
			defaultConfigurationIsVisible = 0;
			defaultConfigurationName = Release;
		};
		95925129288715BE0011106B /* Build configuration list for PBXNativeTarget "Forca" */ = {
			isa = XCConfigurationList;
			buildConfigurations = (
				9592512A288715BE0011106B /* Debug */,
				9592512B288715BE0011106B /* Release */,
			);
			defaultConfigurationIsVisible = 0;
			defaultConfigurationName = Release;
		};
		9592512C288715BE0011106B /* Build configuration list for PBXNativeTarget "ForcaTests" */ = {
			isa = XCConfigurationList;
			buildConfigurations = (
				9592512D288715BE0011106B /* Debug */,
				9592512E288715BE0011106B /* Release */,
			);
			defaultConfigurationIsVisible = 0;
			defaultConfigurationName = Release;
		};
		9592512F288715BE0011106B /* Build configuration list for PBXNativeTarget "ForcaUITests" */ = {
			isa = XCConfigurationList;
			buildConfigurations = (
				95925130288715BE0011106B /* Debug */,
				95925131288715BE0011106B /* Release */,
			);
			defaultConfigurationIsVisible = 0;
			defaultConfigurationName = Release;
		};
/* End XCConfigurationList section */
	};
	rootObject = 959250F7288715BC0011106B /* Project object */;
}
